{
  "name": "test",
  "version": "0.1.0",
  "lockfileVersion": 2,
  "requires": true,
  "packages": {
    "": {
      "name": "test",
      "version": "0.1.0",
      "license": "ISC",
      "dependencies": {
        "pg": "^1.3.0"
      }
    },
    "node_modules/buffer-writer": {
      "version": "1.0.0",
      "resolved": "https://registry.npmjs.org/buffer-writer/-/buffer-writer-1.0.0.tgz",
      "integrity": "sha512-EwqHsY9HX59gLKIDAnnsa8G9FFdD7OlTZ6kVj0BXM1WSguvxH4g2FQPaWHtfT6EFWff5ISMr4fH1cZHvne/xWA=="
    },
    "node_modules/generic-pool": {
      "version": "2.0.3",
      "resolved": "https://registry.npmjs.org/generic-pool/-/generic-pool-2.0.3.tgz",
      "integrity": "sha512-qwe9t29nCJou+hzC/UYjvyD1wjV202h5/JA623JleLxYjmKsdKYC2OLqx5o5bCr1aqbwILSlBquCqebOTqiEPA==",
      "engines": {
        "node": ">= 0.2.0"
      }
    },
    "node_modules/pg": {
      "version": "1.3.0",
      "resolved": "https://registry.npmjs.org/pg/-/pg-1.3.0.tgz",
      "integrity": "sha512-fuGuxevOmgM7o4ajDt8Alao9m+fUz+I/zm9wY8jN6BsyjJ01UKYC1uxZAzr7SgElgbMxoLavbkO1X1ZyPZNAYg==",
      "hasInstallScript": true,
      "dependencies": {
        "buffer-writer": "1.0.0",
        "generic-pool": "2.0.3"
      },
      "engines": {
        "node": ">= 0.8.0"
      }
    }
  },
  "dependencies": {
    "buffer-writer": {
      "version": "1.0.0",
      "resolved": "https://registry.npmjs.org/buffer-writer/-/buffer-writer-1.0.0.tgz",
      "integrity": "sha512-EwqHsY9HX59gLKIDAnnsa8G9FFdD7OlTZ6kVj0BXM1WSguvxH4g2FQPaWHtfT6EFWff5ISMr4fH1cZHvne/xWA=="
    },
    "generic-pool": {
      "version": "2.0.3",
      "resolved": "https://registry.npmjs.org/generic-pool/-/generic-pool-2.0.3.tgz",
      "integrity": "sha512-qwe9t29nCJou+hzC/UYjvyD1wjV202h5/JA623JleLxYjmKsdKYC2OLqx5o5bCr1aqbwILSlBquCqebOTqiEPA=="
    },
    "pg": {
      "version": "1.3.0",
      "resolved": "https://registry.npmjs.org/pg/-/pg-1.3.0.tgz",
      "integrity": "sha512-fuGuxevOmgM7o4ajDt8Alao9m+fUz+I/zm9wY8jN6BsyjJ01UKYC1uxZAzr7SgElgbMxoLavbkO1X1ZyPZNAYg==",
      "requires": {
        "buffer-writer": "1.0.0",
        "generic-pool": "2.0.3"
      }
    }
  }
}
